
Microsoft Visual Studio Solution File, Format Version 12.00
# Visual Studio 2013
VisualStudioVersion = 12.0.21005.1
MinimumVisualStudioVersion = 10.0.40219.1
Project("{FAE04EC0-301F-11D3-BF4B-00C04F79EFBC}") = "Lab4.ProtsyukIS63.V6", "Lab4.ProtsyukIS63.V6\Lab4.ProtsyukIS63.V6.csproj", "{BAC738F4-2F76-400B-947D-C8794055FFC1}"
EndProject
Global
	GlobalSection(SolutionConfigurationPlatforms) = preSolution
		Debug|Any CPU = Debug|Any CPU
		Release|Any CPU = Release|Any CPU
	EndGlobalSection
	GlobalSection(ProjectConfigurationPlatforms) = postSolution
		{BAC738F4-2F76-400B-947D-C8794055FFC1}.Debug|Any CPU.ActiveCfg = Debug|Any CPU
		{BAC738F4-2F76-400B-947D-C8794055FFC1}.Debug|Any CPU.Build.0 = Debug|Any CPU
		{BAC738F4-2F76-400B-947D-C8794055FFC1}.Release|Any CPU.ActiveCfg = Release|Any CPU
		{BAC738F4-2F76-400B-947D-C8794055FFC1}.Release|Any CPU.Build.0 = Release|Any CPU
	EndGlobalSection
	GlobalSection(SolutionProperties) = preSolution
		HideSolutionNode = FALSE
	EndGlobalSection
EndGlobal
